// !$*UTF8*$!
{
	archiveVersion = 1;
	classes = {
	};
	objectVersion = 46;
	objects = {

/* Begin PBXBuildFile section */
		AA610A7D19AE8320004E7F3B /* AppDelegate.swift in Sources */ = {isa = PBXBuildFile; fileRef = AA610A7C19AE8320004E7F3B /* AppDelegate.swift */; };
		AA610A7F19AE8320004E7F3B /* ViewController.swift in Sources */ = {isa = PBXBuildFile; fileRef = AA610A7E19AE8320004E7F3B /* ViewController.swift */; };
		AA610A8219AE8320004E7F3B /* Main.storyboard in Resources */ = {isa = PBXBuildFile; fileRef = AA610A8019AE8320004E7F3B /* Main.storyboard */; };
		AA610A8419AE8320004E7F3B /* Images.xcassets in Resources */ = {isa = PBXBuildFile; fileRef = AA610A8319AE8320004E7F3B /* Images.xcassets */; };
		AA610A9019AE8321004E7F3B /* minPlusTests.swift in Sources */ = {isa = PBXBuildFile; fileRef = AA610A8F19AE8321004E7F3B /* minPlusTests.swift */; };
		AA610A9A19AE834F004E7F3B /* Item.swift in Sources */ = {isa = PBXBuildFile; fileRef = AA610A9919AE834F004E7F3B /* Item.swift */; };
		AA610A9C19AE8C14004E7F3B /* DetailViewController.swift in Sources */ = {isa = PBXBuildFile; fileRef = AA610A9B19AE8C14004E7F3B /* DetailViewController.swift */; };
/* End PBXBuildFile section */

/* Begin PBXContainerItemProxy section */
		AA610A8A19AE8321004E7F3B /* PBXContainerItemProxy */ = {
			isa = PBXContainerItemProxy;
			containerPortal = AA610A6F19AE8320004E7F3B /* Project object */;
			proxyType = 1;
			remoteGlobalIDString = AA610A7619AE8320004E7F3B;
			remoteInfo = minPlus;
		};
/* End PBXContainerItemProxy section */

/* Begin PBXFileReference section */
		AA610A7719AE8320004E7F3B /* minPlus.app */ = {isa = PBXFileReference; explicitFileType = wrapper.application; includeInIndex = 0; path = minPlus.app; sourceTree = BUILT_PRODUCTS_DIR; };
		AA610A7B19AE8320004E7F3B /* Info.plist */ = {isa = PBXFileReference; lastKnownFileType = text.plist.xml; path = Info.plist; sourceTree = "<group>"; };
		AA610A7C19AE8320004E7F3B /* AppDelegate.swift */ = {isa = PBXFileReference; lastKnownFileType = sourcecode.swift; path = AppDelegate.swift; sourceTree = "<group>"; };
		AA610A7E19AE8320004E7F3B /* ViewController.swift */ = {isa = PBXFileReference; lastKnownFileType = sourcecode.swift; path = ViewController.swift; sourceTree = "<group>"; };
		AA610A8119AE8320004E7F3B /* Base */ = {isa = PBXFileReference; lastKnownFileType = file.storyboard; name = Base; path = Base.lproj/Main.storyboard; sourceTree = "<group>"; };
		AA610A8319AE8320004E7F3B /* Images.xcassets */ = {isa = PBXFileReference; lastKnownFileType = folder.assetcatalog; path = Images.xcassets; sourceTree = "<group>"; };
		AA610A8919AE8321004E7F3B /* minPlusTests.xctest */ = {isa = PBXFileReference; explicitFileType = wrapper.cfbundle; includeInIndex = 0; path = minPlusTests.xctest; sourceTree = BUILT_PRODUCTS_DIR; };
		AA610A8E19AE8321004E7F3B /* Info.plist */ = {isa = PBXFileReference; lastKnownFileType = text.plist.xml; path = Info.plist; sourceTree = "<group>"; };
		AA610A8F19AE8321004E7F3B /* minPlusTests.swift */ = {isa = PBXFileReference; lastKnownFileType = sourcecode.swift; path = minPlusTests.swift; sourceTree = "<group>"; };
		AA610A9919AE834F004E7F3B /* Item.swift */ = {isa = PBXFileReference; fileEncoding = 4; lastKnownFileType = sourcecode.swift; path = Item.swift; sourceTree = "<group>"; };
		AA610A9B19AE8C14004E7F3B /* DetailViewController.swift */ = {isa = PBXFileReference; fileEncoding = 4; lastKnownFileType = sourcecode.swift; path = DetailViewController.swift; sourceTree = "<group>"; };
/* End PBXFileReference section */

/* Begin PBXFrameworksBuildPhase section */
		AA610A7419AE8320004E7F3B /* Frameworks */ = {
			isa = PBXFrameworksBuildPhase;
			buildActionMask = 2147483647;
			files = (
			);
			runOnlyForDeploymentPostprocessing = 0;
		};
		AA610A8619AE8321004E7F3B /* Frameworks */ = {
			isa = PBXFrameworksBuildPhase;
			buildActionMask = 2147483647;
			files = (
			);
			runOnlyForDeploymentPostprocessing = 0;
		};
/* End PBXFrameworksBuildPhase section */

/* Begin PBXGroup section */
		AA610A6E19AE8320004E7F3B = {
			isa = PBXGroup;
			children = (
				AA610A7919AE8320004E7F3B /* minPlus */,
				AA610A8C19AE8321004E7F3B /* minPlusTests */,
				AA610A7819AE8320004E7F3B /* Products */,
			);
			sourceTree = "<group>";
		};
		AA610A7819AE8320004E7F3B /* Products */ = {
			isa = PBXGroup;
			children = (
				AA610A7719AE8320004E7F3B /* minPlus.app */,
				AA610A8919AE8321004E7F3B /* minPlusTests.xctest */,
			);
			name = Products;
			sourceTree = "<group>";
		};
		AA610A7919AE8320004E7F3B /* minPlus */ = {
			isa = PBXGroup;
			children = (
				AA610A9919AE834F004E7F3B /* Item.swift */,
				AA610A7E19AE8320004E7F3B /* ViewController.swift */,
				AA610A9B19AE8C14004E7F3B /* DetailViewController.swift */,
				AA610A8019AE8320004E7F3B /* Main.storyboard */,
				AA610A8319AE8320004E7F3B /* Images.xcassets */,
				AA610A7A19AE8320004E7F3B /* Supporting Files */,
			);
			path = minPlus;
			sourceTree = "<group>";
		};
		AA610A7A19AE8320004E7F3B /* Supporting Files */ = {
			isa = PBXGroup;
			children = (
				AA610A7C19AE8320004E7F3B /* AppDelegate.swift */,
				AA610A7B19AE8320004E7F3B /* Info.plist */,
			);
			name = "Supporting Files";
			sourceTree = "<group>";
		};
		AA610A8C19AE8321004E7F3B /* minPlusTests */ = {
			isa = PBXGroup;
			children = (
				AA610A8F19AE8321004E7F3B /* minPlusTests.swift */,
				AA610A8D19AE8321004E7F3B /* Supporting Files */,
			);
			path = minPlusTests;
			sourceTree = "<group>";
		};
		AA610A8D19AE8321004E7F3B /* Supporting Files */ = {
			isa = PBXGroup;
			children = (
				AA610A8E19AE8321004E7F3B /* Info.plist */,
			);
			name = "Supporting Files";
			sourceTree = "<group>";
		};
/* End PBXGroup section */

/* Begin PBXNativeTarget section */
		AA610A7619AE8320004E7F3B /* minPlus */ = {
			isa = PBXNativeTarget;
			buildConfigurationList = AA610A9319AE8321004E7F3B /* Build configuration list for PBXNativeTarget "minPlus" */;
			buildPhases = (
				AA610A7319AE8320004E7F3B /* Sources */,
				AA610A7419AE8320004E7F3B /* Frameworks */,
				AA610A7519AE8320004E7F3B /* Resources */,
			);
			buildRules = (
			);
			dependencies = (
			);
			name = minPlus;
			productName = minPlus;
			productReference = AA610A7719AE8320004E7F3B /* minPlus.app */;
			productType = "com.apple.product-type.application";
		};
		AA610A8819AE8321004E7F3B /* minPlusTests */ = {
			isa = PBXNativeTarget;
			buildConfigurationList = AA610A9619AE8321004E7F3B /* Build configuration list for PBXNativeTarget "minPlusTests" */;
			buildPhases = (
				AA610A8519AE8321004E7F3B /* Sources */,
				AA610A8619AE8321004E7F3B /* Frameworks */,
				AA610A8719AE8321004E7F3B /* Resources */,
			);
			buildRules = (
			);
			dependencies = (
				AA610A8B19AE8321004E7F3B /* PBXTargetDependency */,
			);
			name = minPlusTests;
			productName = minPlusTests;
			productReference = AA610A8919AE8321004E7F3B /* minPlusTests.xctest */;
			productType = "com.apple.product-type.bundle.unit-test";
		};
/* End PBXNativeTarget section */

/* Begin PBXProject section */
		AA610A6F19AE8320004E7F3B /* Project object */ = {
			isa = PBXProject;
			attributes = {
				LastUpgradeCheck = 0600;
				ORGANIZATIONNAME = "Matias GIl";
				TargetAttributes = {
					AA610A7619AE8320004E7F3B = {
						CreatedOnToolsVersion = 6.0;
					};
					AA610A8819AE8321004E7F3B = {
						CreatedOnToolsVersion = 6.0;
						TestTargetID = AA610A7619AE8320004E7F3B;
					};
				};
			};
			buildConfigurationList = AA610A7219AE8320004E7F3B /* Build configuration list for PBXProject "minPlus" */;
			compatibilityVersion = "Xcode 3.2";
			developmentRegion = English;
			hasScannedForEncodings = 0;
			knownRegions = (
				en,
				Base,
			);
			mainGroup = AA610A6E19AE8320004E7F3B;
			productRefGroup = AA610A7819AE8320004E7F3B /* Products */;
			projectDirPath = "";
			projectRoot = "";
			targets = (
				AA610A7619AE8320004E7F3B /* minPlus */,
				AA610A8819AE8321004E7F3B /* minPlusTests */,
			);
		};
/* End PBXProject section */

/* Begin PBXResourcesBuildPhase section */
		AA610A7519AE8320004E7F3B /* Resources */ = {
			isa = PBXResourcesBuildPhase;
			buildActionMask = 2147483647;
			files = (
				AA610A8219AE8320004E7F3B /* Main.storyboard in Resources */,
				AA610A8419AE8320004E7F3B /* Images.xcassets in Resources */,
			);
			runOnlyForDeploymentPostprocessing = 0;
		};
		AA610A8719AE8321004E7F3B /* Resources */ = {
			isa = PBXResourcesBuildPhase;
			buildActionMask = 2147483647;
			files = (
			);
			runOnlyForDeploymentPostprocessing = 0;
		};
/* End PBXResourcesBuildPhase section */

/* Begin PBXSourcesBuildPhase section */
		AA610A7319AE8320004E7F3B /* Sources */ = {
			isa = PBXSourcesBuildPhase;
			buildActionMask = 2147483647;
			files = (
				AA610A7F19AE8320004E7F3B /* ViewController.swift in Sources */,
				AA610A9A19AE834F004E7F3B /* Item.swift in Sources */,
				AA610A7D19AE8320004E7F3B /* AppDelegate.swift in Sources */,
				AA610A9C19AE8C14004E7F3B /* DetailViewController.swift in Sources */,
			);
			runOnlyForDeploymentPostprocessing = 0;
		};
		AA610A8519AE8321004E7F3B /* Sources */ = {
			isa = PBXSourcesBuildPhase;
			buildActionMask = 2147483647;
			files = (
				AA610A9019AE8321004E7F3B /* minPlusTests.swift in Sources */,
			);
			runOnlyForDeploymentPostprocessing = 0;
		};
/* End PBXSourcesBuildPhase section */

/* Begin PBXTargetDependency section */
		AA610A8B19AE8321004E7F3B /* PBXTargetDependency */ = {
			isa = PBXTargetDependency;
			target = AA610A7619AE8320004E7F3B /* minPlus */;
			targetProxy = AA610A8A19AE8321004E7F3B /* PBXContainerItemProxy */;
		};
/* End PBXTargetDependency section */

/* Begin PBXVariantGroup section */
		AA610A8019AE8320004E7F3B /* Main.storyboard */ = {
			isa = PBXVariantGroup;
			children = (
				AA610A8119AE8320004E7F3B /* Base */,
			);
			name = Main.storyboard;
			sourceTree = "<group>";
		};
/* End PBXVariantGroup section */

/* Begin XCBuildConfiguration section */
		AA610A9119AE8321004E7F3B /* Debug */ = {
			isa = XCBuildConfiguration;
			buildSettings = {
				ALWAYS_SEARCH_USER_PATHS = NO;
				CLANG_CXX_LANGUAGE_STANDARD = "gnu++0x";
				CLANG_CXX_LIBRARY = "libc++";
				CLANG_ENABLE_MODULES = YES;
				CLANG_ENABLE_OBJC_ARC = YES;
				CLANG_WARN_BOOL_CONVERSION = YES;
				CLANG_WARN_CONSTANT_CONVERSION = YES;
				CLANG_WARN_DIRECT_OBJC_ISA_USAGE = YES_ERROR;
				CLANG_WARN_EMPTY_BODY = YES;
				CLANG_WARN_ENUM_CONVERSION = YES;
				CLANG_WARN_INT_CONVERSION = YES;
				CLANG_WARN_OBJC_ROOT_CLASS = YES_ERROR;
				CLANG_WARN_UNREACHABLE_CODE = YES;
				CLANG_WARN__DUPLICATE_METHOD_MATCH = YES;
				"CODE_SIGN_IDENTITY[sdk=iphoneos*]" = "iPhone Developer";
				COPY_PHASE_STRIP = NO;
				ENABLE_STRICT_OBJC_MSGSEND = YES;
				GCC_C_LANGUAGE_STANDARD = gnu99;
				GCC_DYNAMIC_NO_PIC = NO;
				GCC_OPTIMIZATION_LEVEL = 0;
				GCC_PREPROCESSOR_DEFINITIONS = (
					"DEBUG=1",
					"$(inherited)",
				);
				GCC_SYMBOLS_PRIVATE_EXTERN = NO;
				GCC_WARN_64_TO_32_BIT_CONVERSION = YES;
				GCC_WARN_ABOUT_RETURN_TYPE = YES_ERROR;
				GCC_WARN_UNDECLARED_SELECTOR = YES;
				GCC_WARN_UNINITIALIZED_AUTOS = YES_AGGRESSIVE;
				GCC_WARN_UNUSED_FUNCTION = YES;
				GCC_WARN_UNUSED_VARIABLE = YES;
				IPHONEOS_DEPLOYMENT_TARGET = 8.0;
				MTL_ENABLE_DEBUG_INFO = YES;
				ONLY_ACTIVE_ARCH = YES;
				SDKROOT = iphoneos;
				SWIFT_OPTIMIZATION_LEVEL = "-Onone";
			};
			name = Debug;
		};
		AA610A9219AE8321004E7F3B /* Release */ = {
			isa = XCBuildConfiguration;
			buildSettings = {
				ALWAYS_SEARCH_USER_PATHS = NO;
				CLANG_CXX_LANGUAGE_STANDARD = "gnu++0x";
				CLANG_CXX_LIBRARY = "libc++";
				CLANG_ENABLE_MODULES = YES;
				CLANG_ENABLE_OBJC_ARC = YES;
				CLANG_WARN_BOOL_CONVERSION = YES;
				CLANG_WARN_CONSTANT_CONVERSION = YES;
				CLANG_WARN_DIRECT_OBJC_ISA_USAGE = YES_ERROR;
				CLANG_WARN_EMPTY_BODY = YES;
				CLANG_WARN_ENUM_CONVERSION = YES;
				CLANG_WARN_INT_CONVERSION = YES;
				CLANG_WARN_OBJC_ROOT_CLASS = YES_ERROR;
				CLANG_WARN_UNREACHABLE_CODE = YES;
				CLANG_WARN__DUPLICATE_METHOD_MATCH = YES;
				"CODE_SIGN_IDENTITY[sdk=iphoneos*]" = "iPhone Developer";
				COPY_PHASE_STRIP = YES;
				ENABLE_NS_ASSERTIONS = NO;
				ENABLE_STRICT_OBJC_MSGSEND = YES;
				GCC_C_LANGUAGE_STANDARD = gnu99;
				GCC_WARN_64_TO_32_BIT_CONVERSION = YES;
				GCC_WARN_ABOUT_RETURN_TYPE = YES_ERROR;
				GCC_WARN_UNDECLARED_SELECTOR = YES;
				GCC_WARN_UNINITIALIZED_AUTOS = YES_AGGRESSIVE;
				GCC_WARN_UNUSED_FUNCTION = YES;
				GCC_WARN_UNUSED_VARIABLE = YES;
				IPHONEOS_DEPLOYMENT_TARGET = 8.0;
				MTL_ENABLE_DEBUG_INFO = NO;
				SDKROOT = iphoneos;
				VALIDATE_PRODUCT = YES;
			};
			name = Release;
		};
		AA610A9419AE8321004E7F3B /* Debug */ = {
			isa = XCBuildConfiguration;
			buildSettings = {
				ASSETCATALOG_COMPILER_APPICON_NAME = AppIcon;
				ASSETCATALOG_COMPILER_LAUNCHIMAGE_NAME = LaunchImage;
				INFOPLIST_FILE = minPlus/Info.plist;
				LD_RUNPATH_SEARCH_PATHS = "$(inherited) @executable_path/Frameworks";
				PRODUCT_NAME = "$(TARGET_NAME)";
			};
			name = Debug;
		};
		AA610A9519AE8321004E7F3B /* Release */ = {
			isa = XCBuildConfiguration;
			buildSettings = {
				ASSETCATALOG_COMPILER_APPICON_NAME = AppIcon;
				ASSETCATALOG_COMPILER_LAUNCHIMAGE_NAME = LaunchImage;
				INFOPLIST_FILE = minPlus/Info.plist;
				LD_RUNPATH_SEARCH_PATHS = "$(inherited) @executable_path/Frameworks";
				PRODUCT_NAME = "$(TARGET_NAME)";
			};
			name = Release;
		};
		AA610A9719AE8321004E7F3B /* Debug */ = {
			isa = XCBuildConfiguration;
			buildSettings = {
				BUNDLE_LOADER = "$(TEST_HOST)";
				FRAMEWORK_SEARCH_PATHS = (
					"$(SDKROOT)/Developer/Library/Frameworks",
					"$(inherited)",
				);
				GCC_PREPROCESSOR_DEFINITIONS = (
					"DEBUG=1",
					"$(inherited)",
				);
				INFOPLIST_FILE = minPlusTests/Info.plist;
				LD_RUNPATH_SEARCH_PATHS = "$(inherited) @executable_path/Frameworks @loader_path/Frameworks";
				PRODUCT_NAME = "$(TARGET_NAME)";
				TEST_HOST = "$(BUILT_PRODUCTS_DIR)/minPlus.app/minPlus";
			};
			name = Debug;
		};
		AA610A9819AE8321004E7F3B /* Release */ = {
			isa = XCBuildConfiguration;
			buildSettings = {
				BUNDLE_LOADER = "$(TEST_HOST)";
				FRAMEWORK_SEARCH_PATHS = (
					"$(SDKROOT)/Developer/Library/Frameworks",
					"$(inherited)",
				);
				INFOPLIST_FILE = minPlusTests/Info.plist;
				LD_RUNPATH_SEARCH_PATHS = "$(inherited) @executable_path/Frameworks @loader_path/Frameworks";
				PRODUCT_NAME = "$(TARGET_NAME)";
				TEST_HOST = "$(BUILT_PRODUCTS_DIR)/minPlus.app/minPlus";
			};
			name = Release;
		};
/* End XCBuildConfiguration section */

/* Begin XCConfigurationList section */
		AA610A7219AE8320004E7F3B /* Build configuration list for PBXProject "minPlus" */ = {
			isa = XCConfigurationList;
			buildConfigurations = (
				AA610A9119AE8321004E7F3B /* Debug */,
				AA610A9219AE8321004E7F3B /* Release */,
			);
			defaultConfigurationIsVisible = 0;
			defaultConfigurationName = Release;
		};
		AA610A9319AE8321004E7F3B /* Build configuration list for PBXNativeTarget "minPlus" */ = {
			isa = XCConfigurationList;
			buildConfigurations = (
				AA610A9419AE8321004E7F3B /* Debug */,
				AA610A9519AE8321004E7F3B /* Release */,
			);
			defaultConfigurationIsVisible = 0;
			defaultConfigurationName = Release;
		};
		AA610A9619AE8321004E7F3B /* Build configuration list for PBXNativeTarget "minPlusTests" */ = {
			isa = XCConfigurationList;
			buildConfigurations = (
				AA610A9719AE8321004E7F3B /* Debug */,
				AA610A9819AE8321004E7F3B /* Release */,
			);
			defaultConfigurationIsVisible = 0;
			defaultConfigurationName = Release;
		};
/* End XCConfigurationList section */
	};
	rootObject = AA610A6F19AE8320004E7F3B /* Project object */;
}
